// !$*UTF8*$!
{
	archiveVersion = 1;
	classes = {
	};
	objectVersion = 46;
	objects = {

/* Begin PBXBuildFile section */
		FE2B932F1C98733000DBA4BE /* resource in Resources */ = {isa = PBXBuildFile; fileRef = FE2B932E1C98733000DBA4BE /* resource */; };
		FE913C6E1C98198B00C69A5D /* Main.storyboard in Resources */ = {isa = PBXBuildFile; fileRef = FE913C6C1C98198B00C69A5D /* Main.storyboard */; };
		FEAD0C841C97E93D005135E1 /* screen.jpeg in Resources */ = {isa = PBXBuildFile; fileRef = FEAD0C831C97E93D005135E1 /* screen.jpeg */; };
		FEAD0CDE1C9800DE005135E1 /* HomeController.swift in Sources */ = {isa = PBXBuildFile; fileRef = FEAD0CD91C9800DE005135E1 /* HomeController.swift */; };
		FEAD0CDF1C9800DE005135E1 /* LoginController.swift in Sources */ = {isa = PBXBuildFile; fileRef = FEAD0CDA1C9800DE005135E1 /* LoginController.swift */; };
		FEAD0CE01C9800DE005135E1 /* PersonalController.swift in Sources */ = {isa = PBXBuildFile; fileRef = FEAD0CDB1C9800DE005135E1 /* PersonalController.swift */; };
		FEAD0CE11C9800DE005135E1 /* TabBarController.swift in Sources */ = {isa = PBXBuildFile; fileRef = FEAD0CDC1C9800DE005135E1 /* TabBarController.swift */; };
		FEAD0CE21C9800DE005135E1 /* WebViewController.swift in Sources */ = {isa = PBXBuildFile; fileRef = FEAD0CDD1C9800DE005135E1 /* WebViewController.swift */; };
		FEAD0CE51C9800F4005135E1 /* FAIcon.swift in Sources */ = {isa = PBXBuildFile; fileRef = FEAD0CE31C9800F4005135E1 /* FAIcon.swift */; };
		FEAD0CE61C9800F4005135E1 /* Store.swift in Sources */ = {isa = PBXBuildFile; fileRef = FEAD0CE41C9800F4005135E1 /* Store.swift */; };
		FEC020321C99183900BD2A80 /* home.jpeg in Resources */ = {isa = PBXBuildFile; fileRef = FEC020311C99183900BD2A80 /* home.jpeg */; };
		FEC020371C992ABB00BD2A80 /* login.jpeg in Resources */ = {isa = PBXBuildFile; fileRef = FEC020351C992ABB00BD2A80 /* login.jpeg */; };
		FEC0203A1C992B8900BD2A80 /* logout.jpeg in Resources */ = {isa = PBXBuildFile; fileRef = FEC020391C992B8900BD2A80 /* logout.jpeg */; };
		FEC0203C1C992CD200BD2A80 /* webview.jpeg in Resources */ = {isa = PBXBuildFile; fileRef = FEC0203B1C992CD200BD2A80 /* webview.jpeg */; };
		FEC020431C99670600BD2A80 /* RootController.swift in Sources */ = {isa = PBXBuildFile; fileRef = FEC020421C99670600BD2A80 /* RootController.swift */; };
		FEC020451C99672500BD2A80 /* ViewController.swift in Sources */ = {isa = PBXBuildFile; fileRef = FEC020441C99672500BD2A80 /* ViewController.swift */; };
		FEC020471C99674A00BD2A80 /* Webview.swift in Sources */ = {isa = PBXBuildFile; fileRef = FEC020461C99674A00BD2A80 /* Webview.swift */; };
		FEE455571C997ECC0032126B /* avatar.jpeg in Resources */ = {isa = PBXBuildFile; fileRef = FEE455561C997ECC0032126B /* avatar.jpeg */; };
		FEF64DB71C970A0F00379189 /* AppDelegate.swift in Sources */ = {isa = PBXBuildFile; fileRef = FEF64DB61C970A0F00379189 /* AppDelegate.swift */; };
		FEF64DBE1C970A0F00379189 /* Assets.xcassets in Resources */ = {isa = PBXBuildFile; fileRef = FEF64DBD1C970A0F00379189 /* Assets.xcassets */; };
		FEF64DC11C970A0F00379189 /* LaunchScreen.storyboard in Resources */ = {isa = PBXBuildFile; fileRef = FEF64DBF1C970A0F00379189 /* LaunchScreen.storyboard */; };
/* End PBXBuildFile section */

/* Begin PBXFileReference section */
		FE2B932E1C98733000DBA4BE /* resource */ = {isa = PBXFileReference; lastKnownFileType = folder; path = resource; sourceTree = "<group>"; };
		FE913C6D1C98198B00C69A5D /* Base */ = {isa = PBXFileReference; lastKnownFileType = file.storyboard; name = Base; path = Base.lproj/Main.storyboard; sourceTree = "<group>"; };
		FEAD0C831C97E93D005135E1 /* screen.jpeg */ = {isa = PBXFileReference; lastKnownFileType = image.jpeg; name = screen.jpeg; path = images/screen.jpeg; sourceTree = "<group>"; };
		FEAD0CD91C9800DE005135E1 /* HomeController.swift */ = {isa = PBXFileReference; fileEncoding = 4; lastKnownFileType = sourcecode.swift; name = HomeController.swift; path = controllers/HomeController.swift; sourceTree = "<group>"; };
		FEAD0CDA1C9800DE005135E1 /* LoginController.swift */ = {isa = PBXFileReference; fileEncoding = 4; lastKnownFileType = sourcecode.swift; name = LoginController.swift; path = controllers/LoginController.swift; sourceTree = "<group>"; };
		FEAD0CDB1C9800DE005135E1 /* PersonalController.swift */ = {isa = PBXFileReference; fileEncoding = 4; lastKnownFileType = sourcecode.swift; name = PersonalController.swift; path = controllers/PersonalController.swift; sourceTree = "<group>"; };
		FEAD0CDC1C9800DE005135E1 /* TabBarController.swift */ = {isa = PBXFileReference; fileEncoding = 4; lastKnownFileType = sourcecode.swift; name = TabBarController.swift; path = controllers/TabBarController.swift; sourceTree = "<group>"; };
		FEAD0CDD1C9800DE005135E1 /* WebViewController.swift */ = {isa = PBXFileReference; fileEncoding = 4; lastKnownFileType = sourcecode.swift; name = WebViewController.swift; path = controllers/WebViewController.swift; sourceTree = "<group>"; };
		FEAD0CE31C9800F4005135E1 /* FAIcon.swift */ = {isa = PBXFileReference; fileEncoding = 4; lastKnownFileType = sourcecode.swift; name = FAIcon.swift; path = utils/FAIcon.swift; sourceTree = "<group>"; };
		FEAD0CE41C9800F4005135E1 /* Store.swift */ = {isa = PBXFileReference; fileEncoding = 4; lastKnownFileType = sourcecode.swift; name = Store.swift; path = utils/Store.swift; sourceTree = "<group>"; };
		FEC020311C99183900BD2A80 /* home.jpeg */ = {isa = PBXFileReference; lastKnownFileType = image.jpeg; name = home.jpeg; path = images/home.jpeg; sourceTree = "<group>"; };
		FEC020351C992ABB00BD2A80 /* login.jpeg */ = {isa = PBXFileReference; lastKnownFileType = image.jpeg; name = login.jpeg; path = images/login.jpeg; sourceTree = "<group>"; };
		FEC020391C992B8900BD2A80 /* logout.jpeg */ = {isa = PBXFileReference; lastKnownFileType = image.jpeg; name = logout.jpeg; path = images/logout.jpeg; sourceTree = "<group>"; };
		FEC0203B1C992CD200BD2A80 /* webview.jpeg */ = {isa = PBXFileReference; lastKnownFileType = image.jpeg; name = webview.jpeg; path = images/webview.jpeg; sourceTree = "<group>"; };
		FEC020421C99670600BD2A80 /* RootController.swift */ = {isa = PBXFileReference; fileEncoding = 4; lastKnownFileType = sourcecode.swift; name = RootController.swift; path = controllers/RootController.swift; sourceTree = "<group>"; };
		FEC020441C99672500BD2A80 /* ViewController.swift */ = {isa = PBXFileReference; fileEncoding = 4; lastKnownFileType = sourcecode.swift; name = ViewController.swift; path = controllers/ViewController.swift; sourceTree = "<group>"; };
		FEC020461C99674A00BD2A80 /* Webview.swift */ = {isa = PBXFileReference; fileEncoding = 4; lastKnownFileType = sourcecode.swift; name = Webview.swift; path = views/Webview.swift; sourceTree = "<group>"; };
		FEE455561C997ECC0032126B /* avatar.jpeg */ = {isa = PBXFileReference; lastKnownFileType = image.jpeg; name = avatar.jpeg; path = images/avatar.jpeg; sourceTree = "<group>"; };
		FEF64DB31C970A0F00379189 /* ios-app-startkit.app */ = {isa = PBXFileReference; explicitFileType = wrapper.application; includeInIndex = 0; path = "ios-app-startkit.app"; sourceTree = BUILT_PRODUCTS_DIR; };
		FEF64DB61C970A0F00379189 /* AppDelegate.swift */ = {isa = PBXFileReference; lastKnownFileType = sourcecode.swift; path = AppDelegate.swift; sourceTree = "<group>"; };
		FEF64DBD1C970A0F00379189 /* Assets.xcassets */ = {isa = PBXFileReference; lastKnownFileType = folder.assetcatalog; path = Assets.xcassets; sourceTree = "<group>"; };
		FEF64DC01C970A0F00379189 /* Base */ = {isa = PBXFileReference; lastKnownFileType = file.storyboard; name = Base; path = Base.lproj/LaunchScreen.storyboard; sourceTree = "<group>"; };
		FEF64DC21C970A0F00379189 /* Info.plist */ = {isa = PBXFileReference; lastKnownFileType = text.plist.xml; path = Info.plist; sourceTree = "<group>"; };
/* End PBXFileReference section */

/* Begin PBXFrameworksBuildPhase section */
		FEF64DB01C970A0F00379189 /* Frameworks */ = {
			isa = PBXFrameworksBuildPhase;
			buildActionMask = 2147483647;
			files = (
			);
			runOnlyForDeploymentPostprocessing = 0;
		};
/* End PBXFrameworksBuildPhase section */

/* Begin PBXGroup section */
		FEAD0CD81C97FA09005135E1 /* views */ = {
			isa = PBXGroup;
			children = (
				FEC020461C99674A00BD2A80 /* Webview.swift */,
			);
			name = views;
			sourceTree = "<group>";
		};
		FEF64DAA1C970A0F00379189 = {
			isa = PBXGroup;
			children = (
				FEF64DB51C970A0F00379189 /* ios-app-startkit */,
				FEF64DB41C970A0F00379189 /* Products */,
			);
			sourceTree = "<group>";
		};
		FEF64DB41C970A0F00379189 /* Products */ = {
			isa = PBXGroup;
			children = (
				FEF64DB31C970A0F00379189 /* ios-app-startkit.app */,
			);
			name = Products;
			sourceTree = "<group>";
		};
		FEF64DB51C970A0F00379189 /* ios-app-startkit */ = {
			isa = PBXGroup;
			children = (
				FE2B932E1C98733000DBA4BE /* resource */,
				FEAD0CD81C97FA09005135E1 /* views */,
				FEF64DD51C97DCDB00379189 /* images */,
				FEF64DCB1C971BFC00379189 /* controllers */,
				FEF64DCA1C971BEE00379189 /* utils */,
				FEF64DB61C970A0F00379189 /* AppDelegate.swift */,
				FEF64DBD1C970A0F00379189 /* Assets.xcassets */,
				FEF64DBF1C970A0F00379189 /* LaunchScreen.storyboard */,
				FEF64DC21C970A0F00379189 /* Info.plist */,
				FE913C6C1C98198B00C69A5D /* Main.storyboard */,
			);
			path = "ios-app-startkit";
			sourceTree = "<group>";
		};
		FEF64DCA1C971BEE00379189 /* utils */ = {
			isa = PBXGroup;
			children = (
				FEAD0CE31C9800F4005135E1 /* FAIcon.swift */,
				FEAD0CE41C9800F4005135E1 /* Store.swift */,
			);
			name = utils;
			sourceTree = "<group>";
		};
		FEF64DCB1C971BFC00379189 /* controllers */ = {
			isa = PBXGroup;
			children = (
				FEC020441C99672500BD2A80 /* ViewController.swift */,
				FEC020421C99670600BD2A80 /* RootController.swift */,
				FEAD0CD91C9800DE005135E1 /* HomeController.swift */,
				FEAD0CDA1C9800DE005135E1 /* LoginController.swift */,
				FEAD0CDB1C9800DE005135E1 /* PersonalController.swift */,
				FEAD0CDC1C9800DE005135E1 /* TabBarController.swift */,
				FEAD0CDD1C9800DE005135E1 /* WebViewController.swift */,
			);
			name = controllers;
			sourceTree = "<group>";
		};
		FEF64DD51C97DCDB00379189 /* images */ = {
			isa = PBXGroup;
			children = (
				FEC020311C99183900BD2A80 /* home.jpeg */,
				FEC020351C992ABB00BD2A80 /* login.jpeg */,
				FEAD0C831C97E93D005135E1 /* screen.jpeg */,
				FEC020391C992B8900BD2A80 /* logout.jpeg */,
				FEC0203B1C992CD200BD2A80 /* webview.jpeg */,
				FEE455561C997ECC0032126B /* avatar.jpeg */,
			);
			name = images;
			sourceTree = "<group>";
		};
/* End PBXGroup section */

/* Begin PBXNativeTarget section */
		FEF64DB21C970A0F00379189 /* ios-app-startkit */ = {
			isa = PBXNativeTarget;
			buildConfigurationList = FEF64DC51C970A0F00379189 /* Build configuration list for PBXNativeTarget "ios-app-startkit" */;
			buildPhases = (
				FEF64DAF1C970A0F00379189 /* Sources */,
				FEF64DB01C970A0F00379189 /* Frameworks */,
				FEF64DB11C970A0F00379189 /* Resources */,
				FEF64DD01C97239F00379189 /* Run Script */,
			);
			buildRules = (
			);
			dependencies = (
			);
			name = "ios-app-startkit";
			productName = "ios-app-startkit";
			productReference = FEF64DB31C970A0F00379189 /* ios-app-startkit.app */;
			productType = "com.apple.product-type.application";
		};
/* End PBXNativeTarget section */

/* Begin PBXProject section */
		FEF64DAB1C970A0F00379189 /* Project object */ = {
			isa = PBXProject;
			attributes = {
				LastSwiftUpdateCheck = 0720;
				LastUpgradeCheck = 0720;
				ORGANIZATIONNAME = Boom.Lee;
				TargetAttributes = {
					FEF64DB21C970A0F00379189 = {
						CreatedOnToolsVersion = 7.2.1;
						DevelopmentTeam = 367PFG3MF4;
					};
				};
			};
			buildConfigurationList = FEF64DAE1C970A0F00379189 /* Build configuration list for PBXProject "ios-app-startkit" */;
			compatibilityVersion = "Xcode 3.2";
			developmentRegion = English;
			hasScannedForEncodings = 0;
			knownRegions = (
				en,
				Base,
			);
			mainGroup = FEF64DAA1C970A0F00379189;
			productRefGroup = FEF64DB41C970A0F00379189 /* Products */;
			projectDirPath = "";
			projectRoot = "";
			targets = (
				FEF64DB21C970A0F00379189 /* ios-app-startkit */,
			);
		};
/* End PBXProject section */

/* Begin PBXResourcesBuildPhase section */
		FEF64DB11C970A0F00379189 /* Resources */ = {
			isa = PBXResourcesBuildPhase;
			buildActionMask = 2147483647;
			files = (
				FEE455571C997ECC0032126B /* avatar.jpeg in Resources */,
				FEC0203C1C992CD200BD2A80 /* webview.jpeg in Resources */,
				FE2B932F1C98733000DBA4BE /* resource in Resources */,
				FEC0203A1C992B8900BD2A80 /* logout.jpeg in Resources */,
				FEC020371C992ABB00BD2A80 /* login.jpeg in Resources */,
				FE913C6E1C98198B00C69A5D /* Main.storyboard in Resources */,
				FEF64DC11C970A0F00379189 /* LaunchScreen.storyboard in Resources */,
				FEF64DBE1C970A0F00379189 /* Assets.xcassets in Resources */,
				FEC020321C99183900BD2A80 /* home.jpeg in Resources */,
				FEAD0C841C97E93D005135E1 /* screen.jpeg in Resources */,
			);
			runOnlyForDeploymentPostprocessing = 0;
		};
/* End PBXResourcesBuildPhase section */

/* Begin PBXShellScriptBuildPhase section */
		FEF64DD01C97239F00379189 /* Run Script */ = {
			isa = PBXShellScriptBuildPhase;
			buildActionMask = 2147483647;
			files = (
			);
			inputPaths = (
				"$(SRCROOT)/Carthage/Build/iOS/SnapKit.framework",
				"$(SRCROOT)/Carthage/Build/iOS/HexColors.framework",
			);
			name = "Run Script";
			outputPaths = (
			);
			runOnlyForDeploymentPostprocessing = 0;
			shellPath = /bin/bash;
			shellScript = "/usr/local/bin/carthage copy-frameworks";
		};
/* End PBXShellScriptBuildPhase section */

/* Begin PBXSourcesBuildPhase section */
		FEF64DAF1C970A0F00379189 /* Sources */ = {
			isa = PBXSourcesBuildPhase;
			buildActionMask = 2147483647;
			files = (
				FEAD0CDE1C9800DE005135E1 /* HomeController.swift in Sources */,
				FEAD0CE21C9800DE005135E1 /* WebViewController.swift in Sources */,
				FEAD0CDF1C9800DE005135E1 /* LoginController.swift in Sources */,
				FEC020451C99672500BD2A80 /* ViewController.swift in Sources */,
				FEAD0CE61C9800F4005135E1 /* Store.swift in Sources */,
				FEC020431C99670600BD2A80 /* RootController.swift in Sources */,
				FEF64DB71C970A0F00379189 /* AppDelegate.swift in Sources */,
				FEAD0CE11C9800DE005135E1 /* TabBarController.swift in Sources */,
				FEC020471C99674A00BD2A80 /* Webview.swift in Sources */,
				FEAD0CE01C9800DE005135E1 /* PersonalController.swift in Sources */,
				FEAD0CE51C9800F4005135E1 /* FAIcon.swift in Sources */,
			);
			runOnlyForDeploymentPostprocessing = 0;
		};
/* End PBXSourcesBuildPhase section */

/* Begin PBXVariantGroup section */
		FE913C6C1C98198B00C69A5D /* Main.storyboard */ = {
			isa = PBXVariantGroup;
			children = (
				FE913C6D1C98198B00C69A5D /* Base */,
			);
			name = Main.storyboard;
			sourceTree = "<group>";
		};
		FEF64DBF1C970A0F00379189 /* LaunchScreen.storyboard */ = {
			isa = PBXVariantGroup;
			children = (
				FEF64DC01C970A0F00379189 /* Base */,
			);
			name = LaunchScreen.storyboard;
			sourceTree = "<group>";
		};
/* End PBXVariantGroup section */

/* Begin XCBuildConfiguration section */
		FEF64DC31C970A0F00379189 /* Debug */ = {
			isa = XCBuildConfiguration;
			buildSettings = {
				ALWAYS_SEARCH_USER_PATHS = NO;
				CLANG_CXX_LANGUAGE_STANDARD = "gnu++0x";
				CLANG_CXX_LIBRARY = "libc++";
				CLANG_ENABLE_MODULES = YES;
				CLANG_ENABLE_OBJC_ARC = YES;
				CLANG_WARN_BOOL_CONVERSION = YES;
				CLANG_WARN_CONSTANT_CONVERSION = YES;
				CLANG_WARN_DIRECT_OBJC_ISA_USAGE = YES_ERROR;
				CLANG_WARN_EMPTY_BODY = YES;
				CLANG_WARN_ENUM_CONVERSION = YES;
				CLANG_WARN_INT_CONVERSION = YES;
				CLANG_WARN_OBJC_ROOT_CLASS = YES_ERROR;
				CLANG_WARN_UNREACHABLE_CODE = YES;
				CLANG_WARN__DUPLICATE_METHOD_MATCH = YES;
				"CODE_SIGN_IDENTITY[sdk=iphoneos*]" = "iPhone Developer";
				COPY_PHASE_STRIP = NO;
				DEBUG_INFORMATION_FORMAT = dwarf;
				ENABLE_STRICT_OBJC_MSGSEND = YES;
				ENABLE_TESTABILITY = YES;
				GCC_C_LANGUAGE_STANDARD = gnu99;
				GCC_DYNAMIC_NO_PIC = NO;
				GCC_NO_COMMON_BLOCKS = YES;
				GCC_OPTIMIZATION_LEVEL = 0;
				GCC_PREPROCESSOR_DEFINITIONS = (
					"DEBUG=1",
					"$(inherited)",
				);
				GCC_WARN_64_TO_32_BIT_CONVERSION = YES;
				GCC_WARN_ABOUT_RETURN_TYPE = YES_ERROR;
				GCC_WARN_UNDECLARED_SELECTOR = YES;
				GCC_WARN_UNINITIALIZED_AUTOS = YES_AGGRESSIVE;
				GCC_WARN_UNUSED_FUNCTION = YES;
				GCC_WARN_UNUSED_VARIABLE = YES;
				IPHONEOS_DEPLOYMENT_TARGET = 9.2;
				MTL_ENABLE_DEBUG_INFO = YES;
				ONLY_ACTIVE_ARCH = YES;
				SDKROOT = iphoneos;
				SWIFT_OPTIMIZATION_LEVEL = "-Onone";
			};
			name = Debug;
		};
		FEF64DC41C970A0F00379189 /* Release */ = {
			isa = XCBuildConfiguration;
			buildSettings = {
				ALWAYS_SEARCH_USER_PATHS = NO;
				CLANG_CXX_LANGUAGE_STANDARD = "gnu++0x";
				CLANG_CXX_LIBRARY = "libc++";
				CLANG_ENABLE_MODULES = YES;
				CLANG_ENABLE_OBJC_ARC = YES;
				CLANG_WARN_BOOL_CONVERSION = YES;
				CLANG_WARN_CONSTANT_CONVERSION = YES;
				CLANG_WARN_DIRECT_OBJC_ISA_USAGE = YES_ERROR;
				CLANG_WARN_EMPTY_BODY = YES;
				CLANG_WARN_ENUM_CONVERSION = YES;
				CLANG_WARN_INT_CONVERSION = YES;
				CLANG_WARN_OBJC_ROOT_CLASS = YES_ERROR;
				CLANG_WARN_UNREACHABLE_CODE = YES;
				CLANG_WARN__DUPLICATE_METHOD_MATCH = YES;
				"CODE_SIGN_IDENTITY[sdk=iphoneos*]" = "iPhone Developer";
				COPY_PHASE_STRIP = NO;
				DEBUG_INFORMATION_FORMAT = "dwarf-with-dsym";
				ENABLE_NS_ASSERTIONS = NO;
				ENABLE_STRICT_OBJC_MSGSEND = YES;
				GCC_C_LANGUAGE_STANDARD = gnu99;
				GCC_NO_COMMON_BLOCKS = YES;
				GCC_WARN_64_TO_32_BIT_CONVERSION = YES;
				GCC_WARN_ABOUT_RETURN_TYPE = YES_ERROR;
				GCC_WARN_UNDECLARED_SELECTOR = YES;
				GCC_WARN_UNINITIALIZED_AUTOS = YES_AGGRESSIVE;
				GCC_WARN_UNUSED_FUNCTION = YES;
				GCC_WARN_UNUSED_VARIABLE = YES;
				IPHONEOS_DEPLOYMENT_TARGET = 9.2;
				MTL_ENABLE_DEBUG_INFO = NO;
				SDKROOT = iphoneos;
				VALIDATE_PRODUCT = YES;
			};
			name = Release;
		};
		FEF64DC61C970A0F00379189 /* Debug */ = {
			isa = XCBuildConfiguration;
			buildSettings = {
				ASSETCATALOG_COMPILER_APPICON_NAME = AppIcon;
				FRAMEWORK_SEARCH_PATHS = (
					"$(inherited)",
					"$(PROJECT_DIR)/Carthage/Build/iOS",
				);
				INFOPLIST_FILE = "ios-app-startkit/Info.plist";
				LD_RUNPATH_SEARCH_PATHS = "$(inherited) @executable_path/Frameworks";
				PRODUCT_BUNDLE_IDENTIFIER = "com.boom.ios-app-startkit";
				PRODUCT_NAME = "$(TARGET_NAME)";
			};
			name = Debug;
		};
		FEF64DC71C970A0F00379189 /* Release */ = {
			isa = XCBuildConfiguration;
			buildSettings = {
				ASSETCATALOG_COMPILER_APPICON_NAME = AppIcon;
				FRAMEWORK_SEARCH_PATHS = (
					"$(inherited)",
					"$(PROJECT_DIR)/Carthage/Build/iOS",
				);
				INFOPLIST_FILE = "ios-app-startkit/Info.plist";
				LD_RUNPATH_SEARCH_PATHS = "$(inherited) @executable_path/Frameworks";
				PRODUCT_BUNDLE_IDENTIFIER = "com.boom.ios-app-startkit";
				PRODUCT_NAME = "$(TARGET_NAME)";
			};
			name = Release;
		};
/* End XCBuildConfiguration section */

/* Begin XCConfigurationList section */
		FEF64DAE1C970A0F00379189 /* Build configuration list for PBXProject "ios-app-startkit" */ = {
			isa = XCConfigurationList;
			buildConfigurations = (
				FEF64DC31C970A0F00379189 /* Debug */,
				FEF64DC41C970A0F00379189 /* Release */,
			);
			defaultConfigurationIsVisible = 0;
			defaultConfigurationName = Release;
		};
		FEF64DC51C970A0F00379189 /* Build configuration list for PBXNativeTarget "ios-app-startkit" */ = {
			isa = XCConfigurationList;
			buildConfigurations = (
				FEF64DC61C970A0F00379189 /* Debug */,
				FEF64DC71C970A0F00379189 /* Release */,
			);
			defaultConfigurationIsVisible = 0;
			defaultConfigurationName = Release;
		};
/* End XCConfigurationList section */
	};
	rootObject = FEF64DAB1C970A0F00379189 /* Project object */;
}
